// !$*UTF8*$!
{
	archiveVersion = 1;
	classes = {
	};
	objectVersion = 50;
	objects = {

/* Begin PBXBuildFile section */
		2810ABF9228820A200B2F7EE /* TableViewCell.swift in Sources */ = {isa = PBXBuildFile; fileRef = 2810ABF7228820A200B2F7EE /* TableViewCell.swift */; };
		2810ABFA228820A200B2F7EE /* TableViewCell.xib in Resources */ = {isa = PBXBuildFile; fileRef = 2810ABF8228820A200B2F7EE /* TableViewCell.xib */; };
		282BCC4A227C4AB600D392E4 /* ViewLogin.swift in Sources */ = {isa = PBXBuildFile; fileRef = 282BCC49227C4AB600D392E4 /* ViewLogin.swift */; };
		282BCC4C227C4AD600D392E4 /* ViewUebersicht.swift in Sources */ = {isa = PBXBuildFile; fileRef = 282BCC4B227C4AD600D392E4 /* ViewUebersicht.swift */; };
		282BCC52227C4CF000D392E4 /* Assets.xcassets in Resources */ = {isa = PBXBuildFile; fileRef = 282BCC51227C4CF000D392E4 /* Assets.xcassets */; };
		286ED4BB227C412C00946DF9 /* AppDelegate.swift in Sources */ = {isa = PBXBuildFile; fileRef = 286ED4BA227C412C00946DF9 /* AppDelegate.swift */; };
		286ED4BD227C412C00946DF9 /* ViewController.swift in Sources */ = {isa = PBXBuildFile; fileRef = 286ED4BC227C412C00946DF9 /* ViewController.swift */; };
		286ED4C0227C412C00946DF9 /* Main.storyboard in Resources */ = {isa = PBXBuildFile; fileRef = 286ED4BE227C412C00946DF9 /* Main.storyboard */; };
		286ED4C5227C412E00946DF9 /* LaunchScreen.storyboard in Resources */ = {isa = PBXBuildFile; fileRef = 286ED4C3227C412E00946DF9 /* LaunchScreen.storyboard */; };
		286ED4D4227C49C300946DF9 /* GoogleService-Info.plist in Resources */ = {isa = PBXBuildFile; fileRef = 286ED4D3227C49C300946DF9 /* GoogleService-Info.plist */; };
		7ADAC5386F1AE710C1F5D7DD /* Pods_AgoraCard_iOS.framework in Frameworks */ = {isa = PBXBuildFile; fileRef = 716203D366CD49E91E541444 /* Pods_AgoraCard_iOS.framework */; };
/* End PBXBuildFile section */

/* Begin PBXFileReference section */
		2810ABF7228820A200B2F7EE /* TableViewCell.swift */ = {isa = PBXFileReference; lastKnownFileType = sourcecode.swift; path = TableViewCell.swift; sourceTree = "<group>"; };
		2810ABF8228820A200B2F7EE /* TableViewCell.xib */ = {isa = PBXFileReference; lastKnownFileType = file.xib; path = TableViewCell.xib; sourceTree = "<group>"; };
		282BCC49227C4AB600D392E4 /* ViewLogin.swift */ = {isa = PBXFileReference; fileEncoding = 4; lastKnownFileType = sourcecode.swift; path = ViewLogin.swift; sourceTree = "<group>"; };
		282BCC4B227C4AD600D392E4 /* ViewUebersicht.swift */ = {isa = PBXFileReference; fileEncoding = 4; lastKnownFileType = sourcecode.swift; path = ViewUebersicht.swift; sourceTree = "<group>"; };
		282BCC51227C4CF000D392E4 /* Assets.xcassets */ = {isa = PBXFileReference; lastKnownFileType = folder.assetcatalog; path = Assets.xcassets; sourceTree = "<group>"; };
		286ED4B7227C412C00946DF9 /* AgoraCard iOS.app */ = {isa = PBXFileReference; explicitFileType = wrapper.application; includeInIndex = 0; path = "AgoraCard iOS.app"; sourceTree = BUILT_PRODUCTS_DIR; };
		286ED4BA227C412C00946DF9 /* AppDelegate.swift */ = {isa = PBXFileReference; lastKnownFileType = sourcecode.swift; path = AppDelegate.swift; sourceTree = "<group>"; };
		286ED4BC227C412C00946DF9 /* ViewController.swift */ = {isa = PBXFileReference; lastKnownFileType = sourcecode.swift; path = ViewController.swift; sourceTree = "<group>"; };
		286ED4BF227C412C00946DF9 /* Base */ = {isa = PBXFileReference; lastKnownFileType = file.storyboard; name = Base; path = Base.lproj/Main.storyboard; sourceTree = "<group>"; };
		286ED4C4227C412E00946DF9 /* Base */ = {isa = PBXFileReference; lastKnownFileType = file.storyboard; name = Base; path = Base.lproj/LaunchScreen.storyboard; sourceTree = "<group>"; };
		286ED4C6227C412E00946DF9 /* Info.plist */ = {isa = PBXFileReference; lastKnownFileType = text.plist.xml; path = Info.plist; sourceTree = "<group>"; };
		286ED4D3227C49C300946DF9 /* GoogleService-Info.plist */ = {isa = PBXFileReference; fileEncoding = 4; lastKnownFileType = text.plist.xml; path = "GoogleService-Info.plist"; sourceTree = SOURCE_ROOT; };
		39AF5229C009CAB65D7DDA7D /* Pods-AgoraCard iOS.debug.xcconfig */ = {isa = PBXFileReference; includeInIndex = 1; lastKnownFileType = text.xcconfig; name = "Pods-AgoraCard iOS.debug.xcconfig"; path = "Target Support Files/Pods-AgoraCard iOS/Pods-AgoraCard iOS.debug.xcconfig"; sourceTree = "<group>"; };
		716203D366CD49E91E541444 /* Pods_AgoraCard_iOS.framework */ = {isa = PBXFileReference; explicitFileType = wrapper.framework; includeInIndex = 0; path = Pods_AgoraCard_iOS.framework; sourceTree = BUILT_PRODUCTS_DIR; };
		961B7B81B9548AB8D5C5BA34 /* Pods-AgoraCard iOS.release.xcconfig */ = {isa = PBXFileReference; includeInIndex = 1; lastKnownFileType = text.xcconfig; name = "Pods-AgoraCard iOS.release.xcconfig"; path = "Target Support Files/Pods-AgoraCard iOS/Pods-AgoraCard iOS.release.xcconfig"; sourceTree = "<group>"; };
/* End PBXFileReference section */

/* Begin PBXFrameworksBuildPhase section */
		286ED4B4227C412C00946DF9 /* Frameworks */ = {
			isa = PBXFrameworksBuildPhase;
			buildActionMask = 2147483647;
			files = (
				7ADAC5386F1AE710C1F5D7DD /* Pods_AgoraCard_iOS.framework in Frameworks */,
			);
			runOnlyForDeploymentPostprocessing = 0;
		};
/* End PBXFrameworksBuildPhase section */

/* Begin PBXGroup section */
		2810ABF622881FFA00B2F7EE /* Cell */ = {
			isa = PBXGroup;
			children = (
				2810ABF7228820A200B2F7EE /* TableViewCell.swift */,
				2810ABF8228820A200B2F7EE /* TableViewCell.xib */,
			);
			path = Cell;
			sourceTree = "<group>";
		};
		286ED4AE227C412C00946DF9 = {
			isa = PBXGroup;
			children = (
				286ED4B9227C412C00946DF9 /* AgoraCard iOS */,
				286ED4B8227C412C00946DF9 /* Products */,
				508972970C049887F626EC68 /* Pods */,
				682A2430FB13B9EF6871D642 /* Frameworks */,
			);
			sourceTree = "<group>";
		};
		286ED4B8227C412C00946DF9 /* Products */ = {
			isa = PBXGroup;
			children = (
				286ED4B7227C412C00946DF9 /* AgoraCard iOS.app */,
			);
			name = Products;
			sourceTree = "<group>";
		};
		286ED4B9227C412C00946DF9 /* AgoraCard iOS */ = {
			isa = PBXGroup;
			children = (
				2810ABF622881FFA00B2F7EE /* Cell */,
				286ED4BA227C412C00946DF9 /* AppDelegate.swift */,
				286ED4BC227C412C00946DF9 /* ViewController.swift */,
				282BCC49227C4AB600D392E4 /* ViewLogin.swift */,
				282BCC4B227C4AD600D392E4 /* ViewUebersicht.swift */,
				286ED4BE227C412C00946DF9 /* Main.storyboard */,
				282BCC51227C4CF000D392E4 /* Assets.xcassets */,
				286ED4C3227C412E00946DF9 /* LaunchScreen.storyboard */,
				286ED4D3227C49C300946DF9 /* GoogleService-Info.plist */,
				286ED4C6227C412E00946DF9 /* Info.plist */,
			);
			path = "AgoraCard iOS";
			sourceTree = "<group>";
		};
		508972970C049887F626EC68 /* Pods */ = {
			isa = PBXGroup;
			children = (
				39AF5229C009CAB65D7DDA7D /* Pods-AgoraCard iOS.debug.xcconfig */,
				961B7B81B9548AB8D5C5BA34 /* Pods-AgoraCard iOS.release.xcconfig */,
			);
			path = Pods;
			sourceTree = "<group>";
		};
		682A2430FB13B9EF6871D642 /* Frameworks */ = {
			isa = PBXGroup;
			children = (
				716203D366CD49E91E541444 /* Pods_AgoraCard_iOS.framework */,
			);
			name = Frameworks;
			sourceTree = "<group>";
		};
/* End PBXGroup section */

/* Begin PBXNativeTarget section */
		286ED4B6227C412C00946DF9 /* AgoraCard iOS */ = {
			isa = PBXNativeTarget;
			buildConfigurationList = 286ED4C9227C412E00946DF9 /* Build configuration list for PBXNativeTarget "AgoraCard iOS" */;
			buildPhases = (
				E5CFD38A161A1E1D7A408FEF /* [CP] Check Pods Manifest.lock */,
				286ED4B3227C412C00946DF9 /* Sources */,
				286ED4B4227C412C00946DF9 /* Frameworks */,
				286ED4B5227C412C00946DF9 /* Resources */,
				BC4625C3A5F6B8692EEEB006 /* [CP] Embed Pods Frameworks */,
			);
			buildRules = (
			);
			dependencies = (
			);
			name = "AgoraCard iOS";
			productName = "AgoraCard iOS";
			productReference = 286ED4B7227C412C00946DF9 /* AgoraCard iOS.app */;
			productType = "com.apple.product-type.application";
		};
/* End PBXNativeTarget section */

/* Begin PBXProject section */
		286ED4AF227C412C00946DF9 /* Project object */ = {
			isa = PBXProject;
			attributes = {
				LastSwiftUpdateCheck = 1010;
				LastUpgradeCheck = 1010;
				ORGANIZATIONNAME = "Alex Faltermeier";
				TargetAttributes = {
					286ED4B6227C412C00946DF9 = {
						CreatedOnToolsVersion = 10.1;
					};
				};
			};
			buildConfigurationList = 286ED4B2227C412C00946DF9 /* Build configuration list for PBXProject "AgoraCard iOS" */;
			compatibilityVersion = "Xcode 9.3";
			developmentRegion = en;
			hasScannedForEncodings = 0;
			knownRegions = (
				en,
				Base,
			);
			mainGroup = 286ED4AE227C412C00946DF9;
			productRefGroup = 286ED4B8227C412C00946DF9 /* Products */;
			projectDirPath = "";
			projectRoot = "";
			targets = (
				286ED4B6227C412C00946DF9 /* AgoraCard iOS */,
			);
		};
/* End PBXProject section */

/* Begin PBXResourcesBuildPhase section */
		286ED4B5227C412C00946DF9 /* Resources */ = {
			isa = PBXResourcesBuildPhase;
			buildActionMask = 2147483647;
			files = (
				282BCC52227C4CF000D392E4 /* Assets.xcassets in Resources */,
				2810ABFA228820A200B2F7EE /* TableViewCell.xib in Resources */,
				286ED4C5227C412E00946DF9 /* LaunchScreen.storyboard in Resources */,
				286ED4D4227C49C300946DF9 /* GoogleService-Info.plist in Resources */,
				286ED4C0227C412C00946DF9 /* Main.storyboard in Resources */,
			);
			runOnlyForDeploymentPostprocessing = 0;
		};
/* End PBXResourcesBuildPhase section */

/* Begin PBXShellScriptBuildPhase section */
		BC4625C3A5F6B8692EEEB006 /* [CP] Embed Pods Frameworks */ = {
			isa = PBXShellScriptBuildPhase;
			buildActionMask = 2147483647;
			files = (
			);
			inputFileListPaths = (
			);
			inputPaths = (
				"${PODS_ROOT}/Target Support Files/Pods-AgoraCard iOS/Pods-AgoraCard iOS-frameworks.sh",
				"${BUILT_PRODUCTS_DIR}/GTMSessionFetcher/GTMSessionFetcher.framework",
				"${BUILT_PRODUCTS_DIR}/GoogleUtilities/GoogleUtilities.framework",
				"${BUILT_PRODUCTS_DIR}/leveldb-library/leveldb.framework",
				"${BUILT_PRODUCTS_DIR}/nanopb/nanopb.framework",
			);
			name = "[CP] Embed Pods Frameworks";
			outputFileListPaths = (
			);
			outputPaths = (
				"${TARGET_BUILD_DIR}/${FRAMEWORKS_FOLDER_PATH}/GTMSessionFetcher.framework",
				"${TARGET_BUILD_DIR}/${FRAMEWORKS_FOLDER_PATH}/GoogleUtilities.framework",
				"${TARGET_BUILD_DIR}/${FRAMEWORKS_FOLDER_PATH}/leveldb.framework",
				"${TARGET_BUILD_DIR}/${FRAMEWORKS_FOLDER_PATH}/nanopb.framework",
			);
			runOnlyForDeploymentPostprocessing = 0;
			shellPath = /bin/sh;
			shellScript = "\"${PODS_ROOT}/Target Support Files/Pods-AgoraCard iOS/Pods-AgoraCard iOS-frameworks.sh\"\n";
			showEnvVarsInLog = 0;
		};
		E5CFD38A161A1E1D7A408FEF /* [CP] Check Pods Manifest.lock */ = {
			isa = PBXShellScriptBuildPhase;
			buildActionMask = 2147483647;
			files = (
			);
			inputFileListPaths = (
			);
			inputPaths = (
				"${PODS_PODFILE_DIR_PATH}/Podfile.lock",
				"${PODS_ROOT}/Manifest.lock",
			);
			name = "[CP] Check Pods Manifest.lock";
			outputFileListPaths = (
			);
			outputPaths = (
				"$(DERIVED_FILE_DIR)/Pods-AgoraCard iOS-checkManifestLockResult.txt",
			);
			runOnlyForDeploymentPostprocessing = 0;
			shellPath = /bin/sh;
			shellScript = "diff \"${PODS_PODFILE_DIR_PATH}/Podfile.lock\" \"${PODS_ROOT}/Manifest.lock\" > /dev/null\nif [ $? != 0 ] ; then\n    # print error to STDERR\n    echo \"error: The sandbox is not in sync with the Podfile.lock. Run 'pod install' or update your CocoaPods installation.\" >&2\n    exit 1\nfi\n# This output is used by Xcode 'outputs' to avoid re-running this script phase.\necho \"SUCCESS\" > \"${SCRIPT_OUTPUT_FILE_0}\"\n";
			showEnvVarsInLog = 0;
		};
/* End PBXShellScriptBuildPhase section */

/* Begin PBXSourcesBuildPhase section */
		286ED4B3227C412C00946DF9 /* Sources */ = {
			isa = PBXSourcesBuildPhase;
			buildActionMask = 2147483647;
			files = (
				282BCC4C227C4AD600D392E4 /* ViewUebersicht.swift in Sources */,
				286ED4BD227C412C00946DF9 /* ViewController.swift in Sources */,
				2810ABF9228820A200B2F7EE /* TableViewCell.swift in Sources */,
				282BCC4A227C4AB600D392E4 /* ViewLogin.swift in Sources */,
				286ED4BB227C412C00946DF9 /* AppDelegate.swift in Sources */,
			);
			runOnlyForDeploymentPostprocessing = 0;
		};
/* End PBXSourcesBuildPhase section */

/* Begin PBXVariantGroup section */
		286ED4BE227C412C00946DF9 /* Main.storyboard */ = {
			isa = PBXVariantGroup;
			children = (
				286ED4BF227C412C00946DF9 /* Base */,
			);
			name = Main.storyboard;
			sourceTree = "<group>";
		};
		286ED4C3227C412E00946DF9 /* LaunchScreen.storyboard */ = {
			isa = PBXVariantGroup;
			children = (
				286ED4C4227C412E00946DF9 /* Base */,
			);
			name = LaunchScreen.storyboard;
			sourceTree = "<group>";
		};
/* End PBXVariantGroup section */

/* Begin XCBuildConfiguration section */
		286ED4C7227C412E00946DF9 /* Debug */ = {
			isa = XCBuildConfiguration;
			buildSettings = {
				ALWAYS_SEARCH_USER_PATHS = NO;
				CLANG_ANALYZER_NONNULL = YES;
				CLANG_ANALYZER_NUMBER_OBJECT_CONVERSION = YES_AGGRESSIVE;
				CLANG_CXX_LANGUAGE_STANDARD = "gnu++14";
				CLANG_CXX_LIBRARY = "libc++";
				CLANG_ENABLE_MODULES = YES;
				CLANG_ENABLE_OBJC_ARC = YES;
				CLANG_ENABLE_OBJC_WEAK = YES;
				CLANG_WARN_BLOCK_CAPTURE_AUTORELEASING = YES;
				CLANG_WARN_BOOL_CONVERSION = YES;
				CLANG_WARN_COMMA = YES;
				CLANG_WARN_CONSTANT_CONVERSION = YES;
				CLANG_WARN_DEPRECATED_OBJC_IMPLEMENTATIONS = YES;
				CLANG_WARN_DIRECT_OBJC_ISA_USAGE = YES_ERROR;
				CLANG_WARN_DOCUMENTATION_COMMENTS = YES;
				CLANG_WARN_EMPTY_BODY = YES;
				CLANG_WARN_ENUM_CONVERSION = YES;
				CLANG_WARN_INFINITE_RECURSION = YES;
				CLANG_WARN_INT_CONVERSION = YES;
				CLANG_WARN_NON_LITERAL_NULL_CONVERSION = YES;
				CLANG_WARN_OBJC_IMPLICIT_RETAIN_SELF = YES;
				CLANG_WARN_OBJC_LITERAL_CONVERSION = YES;
				CLANG_WARN_OBJC_ROOT_CLASS = YES_ERROR;
				CLANG_WARN_RANGE_LOOP_ANALYSIS = YES;
				CLANG_WARN_STRICT_PROTOTYPES = YES;
				CLANG_WARN_SUSPICIOUS_MOVE = YES;
				CLANG_WARN_UNGUARDED_AVAILABILITY = YES_AGGRESSIVE;
				CLANG_WARN_UNREACHABLE_CODE = YES;
				CLANG_WARN__DUPLICATE_METHOD_MATCH = YES;
				CODE_SIGN_IDENTITY = "iPhone Developer";
				COPY_PHASE_STRIP = NO;
				DEBUG_INFORMATION_FORMAT = dwarf;
				ENABLE_STRICT_OBJC_MSGSEND = YES;
				ENABLE_TESTABILITY = YES;
				GCC_C_LANGUAGE_STANDARD = gnu11;
				GCC_DYNAMIC_NO_PIC = NO;
				GCC_NO_COMMON_BLOCKS = YES;
				GCC_OPTIMIZATION_LEVEL = 0;
				GCC_PREPROCESSOR_DEFINITIONS = (
					"DEBUG=1",
					"$(inherited)",
				);
				GCC_WARN_64_TO_32_BIT_CONVERSION = YES;
				GCC_WARN_ABOUT_RETURN_TYPE = YES_ERROR;
				GCC_WARN_UNDECLARED_SELECTOR = YES;
				GCC_WARN_UNINITIALIZED_AUTOS = YES_AGGRESSIVE;
				GCC_WARN_UNUSED_FUNCTION = YES;
				GCC_WARN_UNUSED_VARIABLE = YES;
				IPHONEOS_DEPLOYMENT_TARGET = 12.1;
				MTL_ENABLE_DEBUG_INFO = INCLUDE_SOURCE;
				MTL_FAST_MATH = YES;
				ONLY_ACTIVE_ARCH = YES;
				SDKROOT = iphoneos;
				SWIFT_ACTIVE_COMPILATION_CONDITIONS = DEBUG;
				SWIFT_OPTIMIZATION_LEVEL = "-Onone";
			};
			name = Debug;
		};
		286ED4C8227C412E00946DF9 /* Release */ = {
			isa = XCBuildConfiguration;
			buildSettings = {
				ALWAYS_SEARCH_USER_PATHS = NO;
				CLANG_ANALYZER_NONNULL = YES;
				CLANG_ANALYZER_NUMBER_OBJECT_CONVERSION = YES_AGGRESSIVE;
				CLANG_CXX_LANGUAGE_STANDARD = "gnu++14";
				CLANG_CXX_LIBRARY = "libc++";
				CLANG_ENABLE_MODULES = YES;
				CLANG_ENABLE_OBJC_ARC = YES;
				CLANG_ENABLE_OBJC_WEAK = YES;
				CLANG_WARN_BLOCK_CAPTURE_AUTORELEASING = YES;
				CLANG_WARN_BOOL_CONVERSION = YES;
				CLANG_WARN_COMMA = YES;
				CLANG_WARN_CONSTANT_CONVERSION = YES;
				CLANG_WARN_DEPRECATED_OBJC_IMPLEMENTATIONS = YES;
				CLANG_WARN_DIRECT_OBJC_ISA_USAGE = YES_ERROR;
				CLANG_WARN_DOCUMENTATION_COMMENTS = YES;
				CLANG_WARN_EMPTY_BODY = YES;
				CLANG_WARN_ENUM_CONVERSION = YES;
				CLANG_WARN_INFINITE_RECURSION = YES;
				CLANG_WARN_INT_CONVERSION = YES;
				CLANG_WARN_NON_LITERAL_NULL_CONVERSION = YES;
				CLANG_WARN_OBJC_IMPLICIT_RETAIN_SELF = YES;
				CLANG_WARN_OBJC_LITERAL_CONVERSION = YES;
				CLANG_WARN_OBJC_ROOT_CLASS = YES_ERROR;
				CLANG_WARN_RANGE_LOOP_ANALYSIS = YES;
				CLANG_WARN_STRICT_PROTOTYPES = YES;
				CLANG_WARN_SUSPICIOUS_MOVE = YES;
				CLANG_WARN_UNGUARDED_AVAILABILITY = YES_AGGRESSIVE;
				CLANG_WARN_UNREACHABLE_CODE = YES;
				CLANG_WARN__DUPLICATE_METHOD_MATCH = YES;
				CODE_SIGN_IDENTITY = "iPhone Developer";
				COPY_PHASE_STRIP = NO;
				DEBUG_INFORMATION_FORMAT = "dwarf-with-dsym";
				ENABLE_NS_ASSERTIONS = NO;
				ENABLE_STRICT_OBJC_MSGSEND = YES;
				GCC_C_LANGUAGE_STANDARD = gnu11;
				GCC_NO_COMMON_BLOCKS = YES;
				GCC_WARN_64_TO_32_BIT_CONVERSION = YES;
				GCC_WARN_ABOUT_RETURN_TYPE = YES_ERROR;
				GCC_WARN_UNDECLARED_SELECTOR = YES;
				GCC_WARN_UNINITIALIZED_AUTOS = YES_AGGRESSIVE;
				GCC_WARN_UNUSED_FUNCTION = YES;
				GCC_WARN_UNUSED_VARIABLE = YES;
				IPHONEOS_DEPLOYMENT_TARGET = 12.1;
				MTL_ENABLE_DEBUG_INFO = NO;
				MTL_FAST_MATH = YES;
				SDKROOT = iphoneos;
				SWIFT_COMPILATION_MODE = wholemodule;
				SWIFT_OPTIMIZATION_LEVEL = "-O";
				VALIDATE_PRODUCT = YES;
			};
			name = Release;
		};
		286ED4CA227C412E00946DF9 /* Debug */ = {
			isa = XCBuildConfiguration;
			baseConfigurationReference = 39AF5229C009CAB65D7DDA7D /* Pods-AgoraCard iOS.debug.xcconfig */;
			buildSettings = {
				ASSETCATALOG_COMPILER_APPICON_NAME = AppIcon;
				CODE_SIGN_STYLE = Automatic;
				INFOPLIST_FILE = "AgoraCard iOS/Info.plist";
				LD_RUNPATH_SEARCH_PATHS = (
					"$(inherited)",
					"@executable_path/Frameworks",
				);
				PRODUCT_BUNDLE_IDENTIFIER = "com.alex.AgoraCard-iOS";
				PRODUCT_NAME = "$(TARGET_NAME)";
				SWIFT_VERSION = 4.2;
				TARGETED_DEVICE_FAMILY = "1,2";
			};
			name = Debug;
		};
		286ED4CB227C412E00946DF9 /* Release */ = {
			isa = XCBuildConfiguration;
			baseConfigurationReference = 961B7B81B9548AB8D5C5BA34 /* Pods-AgoraCard iOS.release.xcconfig */;
			buildSettings = {
				ASSETCATALOG_COMPILER_APPICON_NAME = AppIcon;
				CODE_SIGN_STYLE = Automatic;
				INFOPLIST_FILE = "AgoraCard iOS/Info.plist";
				LD_RUNPATH_SEARCH_PATHS = (
					"$(inherited)",
					"@executable_path/Frameworks",
				);
				PRODUCT_BUNDLE_IDENTIFIER = "com.alex.AgoraCard-iOS";
				PRODUCT_NAME = "$(TARGET_NAME)";
				SWIFT_VERSION = 4.2;
				TARGETED_DEVICE_FAMILY = "1,2";
			};
			name = Release;
		};
/* End XCBuildConfiguration section */

/* Begin XCConfigurationList section */
		286ED4B2227C412C00946DF9 /* Build configuration list for PBXProject "AgoraCard iOS" */ = {
			isa = XCConfigurationList;
			buildConfigurations = (
				286ED4C7227C412E00946DF9 /* Debug */,
				286ED4C8227C412E00946DF9 /* Release */,
			);
			defaultConfigurationIsVisible = 0;
			defaultConfigurationName = Release;
		};
		286ED4C9227C412E00946DF9 /* Build configuration list for PBXNativeTarget "AgoraCard iOS" */ = {
			isa = XCConfigurationList;
			buildConfigurations = (
				286ED4CA227C412E00946DF9 /* Debug */,
				286ED4CB227C412E00946DF9 /* Release */,
			);
			defaultConfigurationIsVisible = 0;
			defaultConfigurationName = Release;
		};
/* End XCConfigurationList section */
	};
	rootObject = 286ED4AF227C412C00946DF9 /* Project object */;
}
